
Microsoft Visual Studio Solution File, Format Version 12.00
# Visual Studio Version 17
VisualStudioVersion = 17.1.32319.34
MinimumVisualStudioVersion = 10.0.40219.1
Project("{FAE04EC0-301F-11D3-BF4B-00C04F79EFBC}") = "CS511_BT02", "CS511_BT02.csproj", "{05CB00C2-715B-475A-B436-EC1967413456}"
EndProject
Global
	GlobalSection(SolutionConfigurationPlatforms) = preSolution
		Debug|Any CPU = Debug|Any CPU
		Release|Any CPU = Release|Any CPU
	EndGlobalSection
	GlobalSection(ProjectConfigurationPlatforms) = postSolution
		{05CB00C2-715B-475A-B436-EC1967413456}.Debug|Any CPU.ActiveCfg = Debug|Any CPU
		{05CB00C2-715B-475A-B436-EC1967413456}.Debug|Any CPU.Build.0 = Debug|Any CPU
		{05CB00C2-715B-475A-B436-EC1967413456}.Release|Any CPU.ActiveCfg = Release|Any CPU
		{05CB00C2-715B-475A-B436-EC1967413456}.Release|Any CPU.Build.0 = Release|Any CPU
	EndGlobalSection
	GlobalSection(SolutionProperties) = preSolution
		HideSolutionNode = FALSE
	EndGlobalSection
	GlobalSection(ExtensibilityGlobals) = postSolution
		SolutionGuid = {CA4FFD36-5C9A-4FA2-812D-11FD6518D30A}
	EndGlobalSection
EndGlobal
